
Microsoft Visual Studio Solution File, Format Version 12.00
# Visual Studio 15
VisualStudioVersion = 15.0.28010.2003
MinimumVisualStudioVersion = 10.0.40219.1
Project("{FAE04EC0-301F-11D3-BF4B-00C04F79EFBC}") = "ResolverGroupWebApp", "ResolverGroupWebApp\ResolverGroupWebApp.csproj", "{D3270F3C-A2E9-46A6-9175-4321845D245A}"
EndProject
Global
	GlobalSection(SolutionConfigurationPlatforms) = preSolution
		Debug|Any CPU = Debug|Any CPU
		Release|Any CPU = Release|Any CPU
	EndGlobalSection
	GlobalSection(ProjectConfigurationPlatforms) = postSolution
		{D3270F3C-A2E9-46A6-9175-4321845D245A}.Debug|Any CPU.ActiveCfg = Debug|Any CPU
		{D3270F3C-A2E9-46A6-9175-4321845D245A}.Debug|Any CPU.Build.0 = Debug|Any CPU
		{D3270F3C-A2E9-46A6-9175-4321845D245A}.Release|Any CPU.ActiveCfg = Release|Any CPU
		{D3270F3C-A2E9-46A6-9175-4321845D245A}.Release|Any CPU.Build.0 = Release|Any CPU
	EndGlobalSection
	GlobalSection(SolutionProperties) = preSolution
		HideSolutionNode = FALSE
	EndGlobalSection
	GlobalSection(ExtensibilityGlobals) = postSolution
		SolutionGuid = {A87F730E-1E9E-4C63-B4F7-A4ED667AD750}
	EndGlobalSection
EndGlobal
